<?xml version="1.0" encoding="utf-8"?>
<Project ToolsVersion="4.0" xmlns="http://schemas.microsoft.com/developer/msbuild/2003">
  <ItemGroup>
    <ClCompile Include="src\main.cpp">
      <Filter>src</Filter>
    </ClCompile>
    <ClCompile Include="..\..\..\addons\ofxGui\src\ofxBaseGui.cpp">
      <Filter>addons\ofxGui\src</Filter>
    </ClCompile>
    <ClCompile Include="..\..\..\addons\ofxGui\src\ofxButton.cpp">
      <Filter>addons\ofxGui\src</Filter>
    </ClCompile>
    <ClCompile Include="..\..\..\addons\ofxGui\src\ofxGuiGroup.cpp">
      <Filter>addons\ofxGui\src</Filter>
    </ClCompile>
    <ClCompile Include="..\..\..\addons\ofxGui\src\ofxLabel.cpp">
      <Filter>addons\ofxGui\src</Filter>
    </ClCompile>
    <ClCompile Include="..\..\..\addons\ofxGui\src\ofxPanel.cpp">
      <Filter>addons\ofxGui\src</Filter>
    </ClCompile>
    <ClCompile Include="..\..\..\addons\ofxGui\src\ofxSlider.cpp">
      <Filter>addons\ofxGui\src</Filter>
    </ClCompile>
    <ClCompile Include="..\..\..\addons\ofxGui\src\ofxSliderGroup.cpp">
      <Filter>addons\ofxGui\src</Filter>
    </ClCompile>
    <ClCompile Include="..\..\..\addons\ofxGui\src\ofxToggle.cpp">
      <Filter>addons\ofxGui\src</Filter>
    </ClCompile>
    <ClCompile Include="src\Manager.cpp">
      <Filter>src\Backend</Filter>
    </ClCompile>
    <ClCompile Include="src\InteractionSet.cpp">
      <Filter>src\Backend</Filter>
    </ClCompile>
    <ClCompile Include="src\Parameter.cpp">
      <Filter>src\Backend</Filter>
    </ClCompile>
    <ClCompile Include="src\ParameterizableObj.cpp">
      <Filter>src\Backend</Filter>
    </ClCompile>
    <ClCompile Include="src\ScriptTester.cpp">
      <Filter>src\Backend</Filter>
    </ClCompile>
    <ClCompile Include="src\Sprite.cpp">
      <Filter>src\Backend</Filter>
    </ClCompile>
    <ClCompile Include="src\SpriteSet.cpp">
      <Filter>src\Backend</Filter>
    </ClCompile>
    <ClCompile Include="src\Termination.cpp">
      <Filter>src\Backend</Filter>
    </ClCompile>
    <ClCompile Include="src\TerminationSet.cpp">
      <Filter>src\Backend</Filter>
    </ClCompile>
    <ClCompile Include="src\VGDLParser.cpp">
      <Filter>src\Backend</Filter>
    </ClCompile>
    <ClCompile Include="src\Interaction.cpp">
      <Filter>src\Backend</Filter>
    </ClCompile>
    <ClCompile Include="src\ofApp.cpp">
      <Filter>src\Frontend</Filter>
    </ClCompile>
    <ClCompile Include="src\draggableRectangle.cpp">
      <Filter>src\Frontend</Filter>
    </ClCompile>
    <ClCompile Include="src\draggableSprite.cpp">
      <Filter>src\Frontend</Filter>
    </ClCompile>
    <ClCompile Include="src\DataSet.cpp">
      <Filter>src\Backend</Filter>
    </ClCompile>
    <ClCompile Include="src\MapTile.cpp">
      <Filter>src\Frontend</Filter>
    </ClCompile>
    <ClCompile Include="src\gridManager.cpp">
      <Filter>src\Frontend</Filter>
    </ClCompile>
    <ClCompile Include="src\GlobalGameParameters.cpp">
      <Filter>src\Backend</Filter>
    </ClCompile>
    <ClCompile Include="src\LevelMapping.cpp">
      <Filter>src\Backend</Filter>
    </ClCompile>
    <ClCompile Include="src\mapCharacter.cpp">
      <Filter>src\Backend</Filter>
    </ClCompile>
    <ClCompile Include="src\Inspector.cpp">
      <Filter>src\Frontend</Filter>
    </ClCompile>
    <ClCompile Include="src\SpriteManager.cpp">
      <Filter>src\Frontend</Filter>
    </ClCompile>
    <ClCompile Include="src\PlayButton.cpp">
      <Filter>src\Frontend</Filter>
    </ClCompile>
    <ClCompile Include="..\..\..\addons\ofxDatGui-master\src\ofxDatGui.cpp">
      <Filter>addons\ofxDatGui-master\src</Filter>
    </ClCompile>
    <ClCompile Include="..\..\..\addons\ofxDatGui-master\src\core\ofxDatGuiComponent.cpp">
      <Filter>addons\ofxDatGui-master\src\core</Filter>
    </ClCompile>
    <ClCompile Include="..\..\..\addons\ofxDatGui-master\src\libs\ofxSmartFont\ofxSmartFont.cpp">
      <Filter>addons\ofxDatGui-master\src\libs\ofxSmartFont</Filter>
    </ClCompile>
    <ClCompile Include="src\InspectorTerminationSet.cpp">
      <Filter>src\Frontend</Filter>
    </ClCompile>
  </ItemGroup>
  <ItemGroup>
    <Filter Include="src">
      <UniqueIdentifier>{d8376475-7454-4a24-b08a-aac121d3ad6f}</UniqueIdentifier>
    </Filter>
    <Filter Include="addons">
      <UniqueIdentifier>{878cac7a-c2cb-4f10-85cf-55f855b5e010}</UniqueIdentifier>
    </Filter>
    <Filter Include="addons\ofxGui">
      <UniqueIdentifier>{222ff04d-e509-4ac6-b95d-6d568f69e2f0}</UniqueIdentifier>
    </Filter>
    <Filter Include="addons\ofxGui\src">
      <UniqueIdentifier>{b6d0c2fd-62d8-4f58-873d-8ce3c25e6336}</UniqueIdentifier>
    </Filter>
    <Filter Include="src\Backend">
      <UniqueIdentifier>{387c8179-a56c-4881-ab6e-6f37ff9f9b95}</UniqueIdentifier>
    </Filter>
    <Filter Include="src\Frontend">
      <UniqueIdentifier>{5b1e4993-a0a6-40c6-a93b-83068c5efb54}</UniqueIdentifier>
    </Filter>
    <Filter Include="addons\ofxDatGui-master">
      <UniqueIdentifier>{1ca12293-04e9-4f3c-850e-8fcf23bccaa5}</UniqueIdentifier>
    </Filter>
    <Filter Include="addons\ofxDatGui-master\src">
      <UniqueIdentifier>{d7a0e93d-dc99-46d9-8414-19e1e89f4953}</UniqueIdentifier>
    </Filter>
    <Filter Include="addons\ofxDatGui-master\src\components">
      <UniqueIdentifier>{a3e6184b-aea3-4dc3-81f6-0882ecc0fb75}</UniqueIdentifier>
    </Filter>
    <Filter Include="addons\ofxDatGui-master\src\core">
      <UniqueIdentifier>{eb2aff1c-7c1e-44f6-b589-255ae3692040}</UniqueIdentifier>
    </Filter>
    <Filter Include="addons\ofxDatGui-master\src\libs">
      <UniqueIdentifier>{0d948bdb-8aa2-4ad7-96ba-4782fe10c094}</UniqueIdentifier>
    </Filter>
    <Filter Include="addons\ofxDatGui-master\src\libs\ofxSmartFont">
      <UniqueIdentifier>{7d0ca3da-b29b-4f0f-b9a7-2732ddd1c27a}</UniqueIdentifier>
    </Filter>
    <Filter Include="addons\ofxDatGui-master\src\themes">
      <UniqueIdentifier>{562b9c30-6893-4a66-b8a2-86380493f22b}</UniqueIdentifier>
    </Filter>
  </ItemGroup>
  <ItemGroup>
    <ClInclude Include="..\..\..\addons\ofxGui\src\ofxBaseGui.h">
      <Filter>addons\ofxGui\src</Filter>
    </ClInclude>
    <ClInclude Include="..\..\..\addons\ofxGui\src\ofxButton.h">
      <Filter>addons\ofxGui\src</Filter>
    </ClInclude>
    <ClInclude Include="..\..\..\addons\ofxGui\src\ofxGui.h">
      <Filter>addons\ofxGui\src</Filter>
    </ClInclude>
    <ClInclude Include="..\..\..\addons\ofxGui\src\ofxGuiGroup.h">
      <Filter>addons\ofxGui\src</Filter>
    </ClInclude>
    <ClInclude Include="..\..\..\addons\ofxGui\src\ofxLabel.h">
      <Filter>addons\ofxGui\src</Filter>
    </ClInclude>
    <ClInclude Include="..\..\..\addons\ofxGui\src\ofxPanel.h">
      <Filter>addons\ofxGui\src</Filter>
    </ClInclude>
    <ClInclude Include="..\..\..\addons\ofxGui\src\ofxSlider.h">
      <Filter>addons\ofxGui\src</Filter>
    </ClInclude>
    <ClInclude Include="..\..\..\addons\ofxGui\src\ofxSliderGroup.h">
      <Filter>addons\ofxGui\src</Filter>
    </ClInclude>
    <ClInclude Include="..\..\..\addons\ofxGui\src\ofxToggle.h">
      <Filter>addons\ofxGui\src</Filter>
    </ClInclude>
    <ClInclude Include="src\InteractionSet.h">
      <Filter>src\Backend</Filter>
    </ClInclude>
    <ClInclude Include="src\Manager.h">
      <Filter>src\Backend</Filter>
    </ClInclude>
    <ClInclude Include="src\VGDLParser.h">
      <Filter>src\Backend</Filter>
    </ClInclude>
    <ClInclude Include="src\Parameter.h">
      <Filter>src\Backend</Filter>
    </ClInclude>
    <ClInclude Include="src\ParameterizableObj.h">
      <Filter>src\Backend</Filter>
    </ClInclude>
    <ClInclude Include="src\ScriptTester.h">
      <Filter>src\Backend</Filter>
    </ClInclude>
    <ClInclude Include="src\Sprite.h">
      <Filter>src\Backend</Filter>
    </ClInclude>
    <ClInclude Include="src\SpriteSet.h">
      <Filter>src\Backend</Filter>
    </ClInclude>
    <ClInclude Include="src\Termination.h">
      <Filter>src\Backend</Filter>
    </ClInclude>
    <ClInclude Include="src\TerminationSet.h">
      <Filter>src\Backend</Filter>
    </ClInclude>
    <ClInclude Include="src\Interaction.h">
      <Filter>src\Backend</Filter>
    </ClInclude>
    <ClInclude Include="src\ofApp.h">
      <Filter>src\Frontend</Filter>
    </ClInclude>
    <ClInclude Include="ofxTextBox.h" />
    <ClInclude Include="src\draggableRectangle.h">
      <Filter>src\Frontend</Filter>
    </ClInclude>
    <ClInclude Include="src\draggableSprite.h">
      <Filter>src\Frontend</Filter>
    </ClInclude>
    <ClInclude Include="src\DataSet.h">
      <Filter>src\Backend</Filter>
    </ClInclude>
    <ClInclude Include="src\MapTile.h">
      <Filter>src\Frontend</Filter>
    </ClInclude>
    <ClInclude Include="src\gridManager.h">
      <Filter>src\Frontend</Filter>
    </ClInclude>
    <ClInclude Include="src\GlobalGameParameters.h">
      <Filter>src\Backend</Filter>
    </ClInclude>
    <ClInclude Include="src\LevelMapping.h">
      <Filter>src\Backend</Filter>
    </ClInclude>
    <ClInclude Include="src\mapCharacter.h">
      <Filter>src\Backend</Filter>
    </ClInclude>
    <ClInclude Include="src\Inspector.h">
      <Filter>src\Frontend</Filter>
    </ClInclude>
    <ClInclude Include="src\SpriteManager.h">
      <Filter>src\Frontend</Filter>
    </ClInclude>
    <ClInclude Include="src\PlayButton.h">
      <Filter>src\Frontend</Filter>
    </ClInclude>
    <ClInclude Include="..\..\..\addons\ofxDatGui-master\src\ofxDatGui.h">
      <Filter>addons\ofxDatGui-master\src</Filter>
    </ClInclude>
    <ClInclude Include="..\..\..\addons\ofxDatGui-master\src\components\ofxDatGui2dPad.h">
      <Filter>addons\ofxDatGui-master\src\components</Filter>
    </ClInclude>
    <ClInclude Include="..\..\..\addons\ofxDatGui-master\src\components\ofxDatGuiButton.h">
      <Filter>addons\ofxDatGui-master\src\components</Filter>
    </ClInclude>
    <ClInclude Include="..\..\..\addons\ofxDatGui-master\src\components\ofxDatGuiColorPicker.h">
      <Filter>addons\ofxDatGui-master\src\components</Filter>
    </ClInclude>
    <ClInclude Include="..\..\..\addons\ofxDatGui-master\src\components\ofxDatGuiControls.h">
      <Filter>addons\ofxDatGui-master\src\components</Filter>
    </ClInclude>
    <ClInclude Include="..\..\..\addons\ofxDatGui-master\src\components\ofxDatGuiFRM.h">
      <Filter>addons\ofxDatGui-master\src\components</Filter>
    </ClInclude>
    <ClInclude Include="..\..\..\addons\ofxDatGui-master\src\components\ofxDatGuiGroups.h">
      <Filter>addons\ofxDatGui-master\src\components</Filter>
    </ClInclude>
    <ClInclude Include="..\..\..\addons\ofxDatGui-master\src\components\ofxDatGuiLabel.h">
      <Filter>addons\ofxDatGui-master\src\components</Filter>
    </ClInclude>
    <ClInclude Include="..\..\..\addons\ofxDatGui-master\src\components\ofxDatGuiMatrix.h">
      <Filter>addons\ofxDatGui-master\src\components</Filter>
    </ClInclude>
    <ClInclude Include="..\..\..\addons\ofxDatGui-master\src\components\ofxDatGuiScrollView.h">
      <Filter>addons\ofxDatGui-master\src\components</Filter>
    </ClInclude>
    <ClInclude Include="..\..\..\addons\ofxDatGui-master\src\components\ofxDatGuiSlider.h">
      <Filter>addons\ofxDatGui-master\src\components</Filter>
    </ClInclude>
    <ClInclude Include="..\..\..\addons\ofxDatGui-master\src\components\ofxDatGuiTextInput.h">
      <Filter>addons\ofxDatGui-master\src\components</Filter>
    </ClInclude>
    <ClInclude Include="..\..\..\addons\ofxDatGui-master\src\components\ofxDatGuiTextInputField.h">
      <Filter>addons\ofxDatGui-master\src\components</Filter>
    </ClInclude>
    <ClInclude Include="..\..\..\addons\ofxDatGui-master\src\components\ofxDatGuiTimeGraph.h">
      <Filter>addons\ofxDatGui-master\src\components</Filter>
    </ClInclude>
    <ClInclude Include="..\..\..\addons\ofxDatGui-master\src\core\ofxDatGuiComponent.h">
      <Filter>addons\ofxDatGui-master\src\core</Filter>
    </ClInclude>
    <ClInclude Include="..\..\..\addons\ofxDatGui-master\src\core\ofxDatGuiConstants.h">
      <Filter>addons\ofxDatGui-master\src\core</Filter>
    </ClInclude>
    <ClInclude Include="..\..\..\addons\ofxDatGui-master\src\core\ofxDatGuiEvents.h">
      <Filter>addons\ofxDatGui-master\src\core</Filter>
    </ClInclude>
    <ClInclude Include="..\..\..\addons\ofxDatGui-master\src\core\ofxDatGuiIntObject.h">
      <Filter>addons\ofxDatGui-master\src\core</Filter>
    </ClInclude>
    <ClInclude Include="..\..\..\addons\ofxDatGui-master\src\libs\ofxSmartFont\ofxSmartFont.h">
      <Filter>addons\ofxDatGui-master\src\libs\ofxSmartFont</Filter>
    </ClInclude>
    <ClInclude Include="..\..\..\addons\ofxDatGui-master\src\themes\ofxDatGuiTheme.h">
      <Filter>addons\ofxDatGui-master\src\themes</Filter>
    </ClInclude>
    <ClInclude Include="..\..\..\addons\ofxDatGui-master\src\themes\ofxDatGuiThemes.h">
      <Filter>addons\ofxDatGui-master\src\themes</Filter>
    </ClInclude>
    <ClInclude Include="src\InspectorTerminationSet.h">
      <Filter>src\Frontend</Filter>
    </ClInclude>
  </ItemGroup>
  <ItemGroup>
    <ResourceCompile Include="icon.rc" />
  </ItemGroup>
  <ItemGroup>
    <None Include="ClassDiagram.cd" />
  </ItemGroup>
</Project>